<?xml version="1.0" encoding="utf-8"?>
<Project ToolsVersion="4.0" xmlns="http://schemas.microsoft.com/developer/msbuild/2003">
  <ItemGroup>
    <Filter Include="Assets">
      <UniqueIdentifier>{15a7ffaa-a53f-409d-b330-9acc6dda8271}</UniqueIdentifier>
    </Filter>
    <Filter Include="Source">
      <UniqueIdentifier>{d5c2a3ad-02ba-4586-8d56-27d2682342b5}</UniqueIdentifier>
    </Filter>
    <Filter Include="Source\Core">
      <UniqueIdentifier>{1d5075ad-20f1-4d42-a37d-f9c6cd0763a0}</UniqueIdentifier>
    </Filter>
    <Filter Include="Source\PlatformSpecific">
      <UniqueIdentifier>{fd35f04f-090c-4842-914e-3ae7ef510b94}</UniqueIdentifier>
    </Filter>
    <Filter Include="Source\PlatformSpecific\Windows">
      <UniqueIdentifier>{c6e9f5f2-596e-489f-b749-e3f434053e88}</UniqueIdentifier>
    </Filter>
    <Filter Include="Source\PlatformSpecific\WindowsPhone">
      <UniqueIdentifier>{caf05c39-bf26-4b46-8a85-bf643735b61d}</UniqueIdentifier>
    </Filter>
    <Filter Include="Source\Graphics">
      <UniqueIdentifier>{e6d5f0c7-82f7-4f30-b49a-136d86326d33}</UniqueIdentifier>
    </Filter>
    <Filter Include="Source\Shaders">
      <UniqueIdentifier>{cd2fbc80-7713-424c-b019-9cc3c40473e8}</UniqueIdentifier>
    </Filter>
    <Filter Include="Source\Shaders\Vertex">
      <UniqueIdentifier>{cfe1b74a-fee0-4a87-8f63-84ba2b98b0a6}</UniqueIdentifier>
    </Filter>
    <Filter Include="Source\Shaders\Pixel">
      <UniqueIdentifier>{dd0a4f2a-6df2-46e7-9354-3a8137d6547f}</UniqueIdentifier>
    </Filter>
    <Filter Include="Source\External">
      <UniqueIdentifier>{1519717c-9125-4cef-9033-8a9ee22cedf4}</UniqueIdentifier>
    </Filter>
    <Filter Include="Source\External\DirectXTK">
      <UniqueIdentifier>{8738a2f9-65fe-4c3c-af82-874f3c672cbe}</UniqueIdentifier>
    </Filter>
    <Filter Include="Source\Models">
      <UniqueIdentifier>{fe196ddd-5ba2-4dbb-af78-540370bd309d}</UniqueIdentifier>
    </Filter>
    <Filter Include="Source\Cameras">
      <UniqueIdentifier>{ca27439b-fadf-4094-93ac-68756328f51b}</UniqueIdentifier>
    </Filter>
  </ItemGroup>
  <ItemGroup>
    <ClCompile Include="Source\Core\PrecompiledHeader.cpp">
      <Filter>Source\Core</Filter>
    </ClCompile>
    <ClCompile Include="Source\Core\main.cpp">
      <Filter>Source\Core</Filter>
    </ClCompile>
    <ClCompile Include="Source\PlatformSpecific\WindowsPhone\PhoneWindowing.cpp">
      <Filter>Source\PlatformSpecific\WindowsPhone</Filter>
    </ClCompile>
    <ClCompile Include="Source\PlatformSpecific\Windows\DesktopWindowing.cpp">
      <Filter>Source\PlatformSpecific\Windows</Filter>
    </ClCompile>
    <ClCompile Include="Source\Core\Tools.cpp">
      <Filter>Source\Core</Filter>
    </ClCompile>
    <ClCompile Include="Source\Core\Constants.cpp">
      <Filter>Source\Core</Filter>
    </ClCompile>
    <ClCompile Include="Source\Core\System.cpp">
      <Filter>Source\Core</Filter>
    </ClCompile>
    <ClCompile Include="Source\Core\Input.cpp">
      <Filter>Source\Core</Filter>
    </ClCompile>
    <ClCompile Include="Source\Graphics\Direct3D.cpp">
      <Filter>Source\Graphics</Filter>
    </ClCompile>
    <ClCompile Include="Source\Graphics\AutoShader.cpp">
      <Filter>Source\Graphics</Filter>
    </ClCompile>
    <ClCompile Include="Source\Graphics\ConstantBuffer.cpp">
      <Filter>Source\Graphics</Filter>
    </ClCompile>
    <ClCompile Include="Source\Graphics\IShader.cpp">
      <Filter>Source\Graphics</Filter>
    </ClCompile>
    <ClCompile Include="Source\Graphics\VertexShader.cpp">
      <Filter>Source\Graphics</Filter>
    </ClCompile>
    <ClCompile Include="Source\Graphics\PixelShader.cpp">
      <Filter>Source\Graphics</Filter>
    </ClCompile>
    <ClCompile Include="Source\Graphics\ShaderProgram.cpp">
      <Filter>Source\Graphics</Filter>
    </ClCompile>
    <ClCompile Include="Source\Graphics\InputLayoutItem.cpp">
      <Filter>Source\Graphics</Filter>
    </ClCompile>
    <ClCompile Include="Source\Graphics\ConstantBufferField.cpp">
      <Filter>Source\Graphics</Filter>
    </ClCompile>
    <ClCompile Include="Source\Graphics\Model.cpp">
      <Filter>Source\Graphics</Filter>
    </ClCompile>
    <ClCompile Include="Source\Core\Parameters.cpp">
      <Filter>Source\Core</Filter>
    </ClCompile>
    <ClCompile Include="Source\Graphics\SamplerState.cpp">
      <Filter>Source\Graphics</Filter>
    </ClCompile>
    <ClCompile Include="Source\External\DirectXTK\DDSTextureLoader.cpp">
      <Filter>Source\External\DirectXTK</Filter>
    </ClCompile>
    <ClCompile Include="Source\Graphics\Texture.cpp">
      <Filter>Source\Graphics</Filter>
    </ClCompile>
    <ClCompile Include="Source\Core\DirectionalLight.cpp">
      <Filter>Source\Core</Filter>
    </ClCompile>
    <ClCompile Include="Source\Models\ModelInstance.cpp">
      <Filter>Source\Models</Filter>
    </ClCompile>
    <ClCompile Include="Source\Models\InfiniteGroundModelInstance.cpp">
      <Filter>Source\Models</Filter>
    </ClCompile>
    <ClCompile Include="Source\Models\CameraPositionLockedModelInstance.cpp">
      <Filter>Source\Models</Filter>
    </ClCompile>
    <ClCompile Include="Source\Cameras\Camera.cpp">
      <Filter>Source\Cameras</Filter>
    </ClCompile>
    <ClCompile Include="Source\Cameras\FPSControllerCamera.cpp">
      <Filter>Source\Cameras</Filter>
    </ClCompile>
    <ClCompile Include="Source\Cameras\FreeMovementCamera.cpp">
      <Filter>Source\Cameras</Filter>
    </ClCompile>
    <ClCompile Include="Source\Graphics\Font.cpp">
      <Filter>Source\Graphics</Filter>
    </ClCompile>
    <ClCompile Include="Source\Models\ZombieInstance.cpp">
      <Filter>Source\Models</Filter>
    </ClCompile>
    <ClCompile Include="Source\Models\PlayerInstance.cpp">
      <Filter>Source\Models</Filter>
    </ClCompile>
    <ClCompile Include="Source\Models\IModelInstance.cpp">
      <Filter>Source\Models</Filter>
    </ClCompile>
    <ClCompile Include="Source\Models\SuperZombieInstance.cpp">
      <Filter>Source\Models</Filter>
    </ClCompile>
    <ClCompile Include="Source\Models\ZombieInstanceBase.cpp">
      <Filter>Source\Models</Filter>
    </ClCompile>
    <ClCompile Include="Source\Graphics\IModel.cpp">
      <Filter>Source\Graphics</Filter>
    </ClCompile>
    <ClCompile Include="Source\Graphics\AnimatedModel.cpp">
      <Filter>Source\Graphics</Filter>
    </ClCompile>
    <ClCompile Include="Source\Core\AlignedClass.cpp">
      <Filter>Source\Core</Filter>
    </ClCompile>
    <ClCompile Include="Source\Graphics\MutableModel.cpp">
      <Filter>Source\Graphics</Filter>
    </ClCompile>
  </ItemGroup>
  <ItemGroup>
    <ClInclude Include="Source\Core\PrecompiledHeader.h">
      <Filter>Source\Core</Filter>
    </ClInclude>
    <ClInclude Include="Source\PlatformSpecific\WindowsPhone\PhoneWindowing.h">
      <Filter>Source\PlatformSpecific\WindowsPhone</Filter>
    </ClInclude>
    <ClInclude Include="Source\PlatformSpecific\Windows\DesktopWindowing.h">
      <Filter>Source\PlatformSpecific\Windows</Filter>
    </ClInclude>
    <ClInclude Include="Source\Core\Tools.h">
      <Filter>Source\Core</Filter>
    </ClInclude>
    <ClInclude Include="Source\Core\Constants.h">
      <Filter>Source\Core</Filter>
    </ClInclude>
    <ClInclude Include="Source\Core\Input.h">
      <Filter>Source\Core</Filter>
    </ClInclude>
    <ClInclude Include="Source\Graphics\Direct3D.h">
      <Filter>Source\Graphics</Filter>
    </ClInclude>
    <ClInclude Include="Source\Graphics\AutoShader.h">
      <Filter>Source\Graphics</Filter>
    </ClInclude>
    <ClInclude Include="Source\Graphics\ConstantBuffer.h">
      <Filter>Source\Graphics</Filter>
    </ClInclude>
    <ClInclude Include="Source\Graphics\IShader.h">
      <Filter>Source\Graphics</Filter>
    </ClInclude>
    <ClInclude Include="Source\Graphics\VertexShader.h">
      <Filter>Source\Graphics</Filter>
    </ClInclude>
    <ClInclude Include="Source\Graphics\PixelShader.h">
      <Filter>Source\Graphics</Filter>
    </ClInclude>
    <ClInclude Include="Source\Graphics\ShaderProgram.h">
      <Filter>Source\Graphics</Filter>
    </ClInclude>
    <ClInclude Include="Source\Graphics\InputLayoutItem.h">
      <Filter>Source\Graphics</Filter>
    </ClInclude>
    <ClInclude Include="Source\Graphics\ConstantBufferField.h">
      <Filter>Source\Graphics</Filter>
    </ClInclude>
    <ClInclude Include="Source\Graphics\Model.h">
      <Filter>Source\Graphics</Filter>
    </ClInclude>
    <ClInclude Include="Source\Core\System.h">
      <Filter>Source\Core</Filter>
    </ClInclude>
    <ClInclude Include="Source\Core\Parameters.h">
      <Filter>Source\Core</Filter>
    </ClInclude>
    <ClInclude Include="Source\Graphics\SamplerState.h">
      <Filter>Source\Graphics</Filter>
    </ClInclude>
    <ClInclude Include="Source\External\DirectXTK\DDSTextureLoader.h">
      <Filter>Source\External\DirectXTK</Filter>
    </ClInclude>
    <ClInclude Include="Source\External\DirectXTK\PlatformHelpers.h">
      <Filter>Source\External\DirectXTK</Filter>
    </ClInclude>
    <ClInclude Include="Source\External\DirectXTK\dds.h">
      <Filter>Source\External\DirectXTK</Filter>
    </ClInclude>
    <ClInclude Include="Source\Graphics\Texture.h">
      <Filter>Source\Graphics</Filter>
    </ClInclude>
    <ClInclude Include="Source\Core\DirectionalLight.h">
      <Filter>Source\Core</Filter>
    </ClInclude>
    <ClInclude Include="Source\Models\ModelInstance.h">
      <Filter>Source\Models</Filter>
    </ClInclude>
    <ClInclude Include="Source\Models\InfiniteGroundModelInstance.h">
      <Filter>Source\Models</Filter>
    </ClInclude>
    <ClInclude Include="Source\Models\CameraPositionLockedModelInstance.h">
      <Filter>Source\Models</Filter>
    </ClInclude>
    <ClInclude Include="Source\Cameras\Camera.h">
      <Filter>Source\Cameras</Filter>
    </ClInclude>
    <ClInclude Include="Source\Cameras\FPSControllerCamera.h">
      <Filter>Source\Cameras</Filter>
    </ClInclude>
    <ClInclude Include="Source\Cameras\FreeMovementCamera.h">
      <Filter>Source\Cameras</Filter>
    </ClInclude>
    <ClInclude Include="Source\Graphics\Font.h">
      <Filter>Source\Graphics</Filter>
    </ClInclude>
    <ClInclude Include="Source\Models\ZombieInstance.h">
      <Filter>Source\Models</Filter>
    </ClInclude>
    <ClInclude Include="Source\Models\PlayerInstance.h">
      <Filter>Source\Models</Filter>
    </ClInclude>
    <ClInclude Include="Source\Models\IModelInstance.h">
      <Filter>Source\Models</Filter>
    </ClInclude>
    <ClInclude Include="Source\Models\SuperZombieInstance.h">
      <Filter>Source\Models</Filter>
    </ClInclude>
    <ClInclude Include="Source\Models\ZombieInstanceBase.h">
      <Filter>Source\Models</Filter>
    </ClInclude>
    <ClInclude Include="Source\Graphics\IModel.h">
      <Filter>Source\Graphics</Filter>
    </ClInclude>
    <ClInclude Include="Source\Graphics\AnimatedModel.h">
      <Filter>Source\Graphics</Filter>
    </ClInclude>
    <ClInclude Include="Source\Core\AlignedClass.h">
      <Filter>Source\Core</Filter>
    </ClInclude>
    <ClInclude Include="Source\Graphics\MutableModel.h">
      <Filter>Source\Graphics</Filter>
    </ClInclude>
    <ClInclude Include="Source\Core\AnimationStateMachine.h" />
  </ItemGroup>
  <ItemGroup>
    <Image Include="Assets\ApplicationIcon.png">
      <Filter>Assets</Filter>
    </Image>
    <Image Include="Assets\TileMedium.png">
      <Filter>Assets</Filter>
    </Image>
    <Image Include="Assets\TileSmall.png">
      <Filter>Assets</Filter>
    </Image>
  </ItemGroup>
  <ItemGroup>
    <Xml Include="WMAppManifest.xml" />
  </ItemGroup>
  <ItemGroup>
    <FxCompile Include="Source\Shaders\Vertex\ColorVertexShader.hlsl">
      <Filter>Source\Shaders\Vertex</Filter>
    </FxCompile>
    <FxCompile Include="Source\Shaders\Pixel\ColorPixelShader.hlsl">
      <Filter>Source\Shaders\Pixel</Filter>
    </FxCompile>
    <FxCompile Include="Source\Shaders\Pixel\TexturePixelShader.hlsl">
      <Filter>Source\Shaders\Pixel</Filter>
    </FxCompile>
    <FxCompile Include="Source\Shaders\Vertex\TextureVertexShader.hlsl">
      <Filter>Source\Shaders\Vertex</Filter>
    </FxCompile>
    <FxCompile Include="Source\Shaders\Pixel\PlaygroundPixelShader.hlsl">
      <Filter>Source\Shaders\Pixel</Filter>
    </FxCompile>
    <FxCompile Include="Source\Shaders\Vertex\PlaygroundVertexShader.hlsl">
      <Filter>Source\Shaders\Vertex</Filter>
    </FxCompile>
    <FxCompile Include="Source\Shaders\Vertex\InfiniteGroundVertexShader.hlsl">
      <Filter>Source\Shaders\Vertex</Filter>
    </FxCompile>
    <FxCompile Include="Source\Shaders\Pixel\LightingPixelShader.hlsl">
      <Filter>Source\Shaders\Pixel</Filter>
    </FxCompile>
    <FxCompile Include="Source\Shaders\Vertex\NormalMapVertexShader.hlsl">
      <Filter>Source\Shaders\Vertex</Filter>
    </FxCompile>
    <FxCompile Include="Source\Shaders\Pixel\NormalMapPixelShader.hlsl">
      <Filter>Source\Shaders\Pixel</Filter>
    </FxCompile>
    <FxCompile Include="Source\Shaders\Vertex\LightingVertexShader.hlsl">
      <Filter>Source\Shaders\Vertex</Filter>
    </FxCompile>
    <FxCompile Include="Source\Shaders\Vertex\AnimationNormalMapVertexShader.hlsl">
      <Filter>Source\Shaders\Vertex</Filter>
    </FxCompile>
  </ItemGroup>
</Project>